
Microsoft Visual Studio Solution File, Format Version 12.00
# Visual Studio Version 16
VisualStudioVersion = 16.0.33328.57
MinimumVisualStudioVersion = 10.0.40219.1
Project("{FAE04EC0-301F-11D3-BF4B-00C04F79EFBC}") = "FindWords", "FindWords\FindWords.csproj", "{AA6AC02A-F9F5-4060-BC2B-0D68C8498C62}"
EndProject
Global
	GlobalSection(SolutionConfigurationPlatforms) = preSolution
		Debug|Any CPU = Debug|Any CPU
		Release|Any CPU = Release|Any CPU
	EndGlobalSection
	GlobalSection(ProjectConfigurationPlatforms) = postSolution
		{AA6AC02A-F9F5-4060-BC2B-0D68C8498C62}.Debug|Any CPU.ActiveCfg = Debug|Any CPU
		{AA6AC02A-F9F5-4060-BC2B-0D68C8498C62}.Debug|Any CPU.Build.0 = Debug|Any CPU
		{AA6AC02A-F9F5-4060-BC2B-0D68C8498C62}.Release|Any CPU.ActiveCfg = Release|Any CPU
		{AA6AC02A-F9F5-4060-BC2B-0D68C8498C62}.Release|Any CPU.Build.0 = Release|Any CPU
	EndGlobalSection
	GlobalSection(SolutionProperties) = preSolution
		HideSolutionNode = FALSE
	EndGlobalSection
	GlobalSection(ExtensibilityGlobals) = postSolution
		SolutionGuid = {35399861-FCAE-475C-B134-FE12B2C3AF40}
	EndGlobalSection
EndGlobal
